
Microsoft Visual Studio Solution File, Format Version 12.00
# Visual Studio 14
VisualStudioVersion = 14.0.23107.0
MinimumVisualStudioVersion = 10.0.40219.1
Project("{FAE04EC0-301F-11D3-BF4B-00C04F79EFBC}") = "Flip+", "Flip+.csproj", "{8A606442-EDF6-4E11-9E0C-8E02ABC48B30}"
EndProject
Project("{2150E333-8FDC-42A3-9474-1A3956D46DE8}") = "Solution Items", "Solution Items", "{EDB99E41-D280-4461-A72D-D8AA5C0A5E31}"
	ProjectSection(SolutionItems) = preProject
		WebEssentials2015-Settings.json = WebEssentials2015-Settings.json
	EndProjectSection
EndProject
Project("{262852C6-CD72-467D-83FE-5EEB1973A190}") = "CordovaTest", "..\CordovaTest\CordovaTest.jsproj", "{67C9D997-7AE9-4B13-B657-9095971EECE7}"
EndProject
Project("{262852C6-CD72-467D-83FE-5EEB1973A190}") = "App1", "..\App1\App1.jsproj", "{1A735674-A8B5-42A7-8171-31CCD6901F59}"
EndProject
Global
	GlobalSection(SolutionConfigurationPlatforms) = preSolution
		Debug|Android = Debug|Android
		Debug|Any CPU = Debug|Any CPU
		Debug|ARM = Debug|ARM
		Debug|iOS = Debug|iOS
		Debug|Windows Phone (Universal) = Debug|Windows Phone (Universal)
		Debug|Windows Phone 8 = Debug|Windows Phone 8
		Debug|Windows-AnyCPU = Debug|Windows-AnyCPU
		Debug|Windows-ARM = Debug|Windows-ARM
		Debug|Windows-x64 = Debug|Windows-x64
		Debug|Windows-x86 = Debug|Windows-x86
		Debug|x64 = Debug|x64
		Debug|x86 = Debug|x86
		Release|Android = Release|Android
		Release|Any CPU = Release|Any CPU
		Release|ARM = Release|ARM
		Release|iOS = Release|iOS
		Release|Windows Phone (Universal) = Release|Windows Phone (Universal)
		Release|Windows Phone 8 = Release|Windows Phone 8
		Release|Windows-AnyCPU = Release|Windows-AnyCPU
		Release|Windows-ARM = Release|Windows-ARM
		Release|Windows-x64 = Release|Windows-x64
		Release|Windows-x86 = Release|Windows-x86
		Release|x64 = Release|x64
		Release|x86 = Release|x86
	EndGlobalSection
	GlobalSection(ProjectConfigurationPlatforms) = postSolution
		{8A606442-EDF6-4E11-9E0C-8E02ABC48B30}.Debug|Android.ActiveCfg = Debug|Any CPU
		{8A606442-EDF6-4E11-9E0C-8E02ABC48B30}.Debug|Android.Build.0 = Debug|Any CPU
		{8A606442-EDF6-4E11-9E0C-8E02ABC48B30}.Debug|Any CPU.ActiveCfg = Debug|Any CPU
		{8A606442-EDF6-4E11-9E0C-8E02ABC48B30}.Debug|Any CPU.Build.0 = Debug|Any CPU
		{8A606442-EDF6-4E11-9E0C-8E02ABC48B30}.Debug|ARM.ActiveCfg = Debug|Any CPU
		{8A606442-EDF6-4E11-9E0C-8E02ABC48B30}.Debug|ARM.Build.0 = Debug|Any CPU
		{8A606442-EDF6-4E11-9E0C-8E02ABC48B30}.Debug|iOS.ActiveCfg = Debug|Any CPU
		{8A606442-EDF6-4E11-9E0C-8E02ABC48B30}.Debug|iOS.Build.0 = Debug|Any CPU
		{8A606442-EDF6-4E11-9E0C-8E02ABC48B30}.Debug|Windows Phone (Universal).ActiveCfg = Debug|Any CPU
		{8A606442-EDF6-4E11-9E0C-8E02ABC48B30}.Debug|Windows Phone (Universal).Build.0 = Debug|Any CPU
		{8A606442-EDF6-4E11-9E0C-8E02ABC48B30}.Debug|Windows Phone 8.ActiveCfg = Debug|Any CPU
		{8A606442-EDF6-4E11-9E0C-8E02ABC48B30}.Debug|Windows Phone 8.Build.0 = Debug|Any CPU
		{8A606442-EDF6-4E11-9E0C-8E02ABC48B30}.Debug|Windows-AnyCPU.ActiveCfg = Debug|Any CPU
		{8A606442-EDF6-4E11-9E0C-8E02ABC48B30}.Debug|Windows-AnyCPU.Build.0 = Debug|Any CPU
		{8A606442-EDF6-4E11-9E0C-8E02ABC48B30}.Debug|Windows-ARM.ActiveCfg = Debug|Any CPU
		{8A606442-EDF6-4E11-9E0C-8E02ABC48B30}.Debug|Windows-ARM.Build.0 = Debug|Any CPU
		{8A606442-EDF6-4E11-9E0C-8E02ABC48B30}.Debug|Windows-x64.ActiveCfg = Debug|Any CPU
		{8A606442-EDF6-4E11-9E0C-8E02ABC48B30}.Debug|Windows-x64.Build.0 = Debug|Any CPU
		{8A606442-EDF6-4E11-9E0C-8E02ABC48B30}.Debug|Windows-x86.ActiveCfg = Debug|Any CPU
		{8A606442-EDF6-4E11-9E0C-8E02ABC48B30}.Debug|Windows-x86.Build.0 = Debug|Any CPU
		{8A606442-EDF6-4E11-9E0C-8E02ABC48B30}.Debug|x64.ActiveCfg = Debug|Any CPU
		{8A606442-EDF6-4E11-9E0C-8E02ABC48B30}.Debug|x64.Build.0 = Debug|Any CPU
		{8A606442-EDF6-4E11-9E0C-8E02ABC48B30}.Debug|x86.ActiveCfg = Debug|Any CPU
		{8A606442-EDF6-4E11-9E0C-8E02ABC48B30}.Debug|x86.Build.0 = Debug|Any CPU
		{8A606442-EDF6-4E11-9E0C-8E02ABC48B30}.Release|Android.ActiveCfg = Release|Any CPU
		{8A606442-EDF6-4E11-9E0C-8E02ABC48B30}.Release|Android.Build.0 = Release|Any CPU
		{8A606442-EDF6-4E11-9E0C-8E02ABC48B30}.Release|Any CPU.ActiveCfg = Release|Any CPU
		{8A606442-EDF6-4E11-9E0C-8E02ABC48B30}.Release|Any CPU.Build.0 = Release|Any CPU
		{8A606442-EDF6-4E11-9E0C-8E02ABC48B30}.Release|ARM.ActiveCfg = Release|Any CPU
		{8A606442-EDF6-4E11-9E0C-8E02ABC48B30}.Release|ARM.Build.0 = Release|Any CPU
		{8A606442-EDF6-4E11-9E0C-8E02ABC48B30}.Release|iOS.ActiveCfg = Release|Any CPU
		{8A606442-EDF6-4E11-9E0C-8E02ABC48B30}.Release|iOS.Build.0 = Release|Any CPU
		{8A606442-EDF6-4E11-9E0C-8E02ABC48B30}.Release|Windows Phone (Universal).ActiveCfg = Release|Any CPU
		{8A606442-EDF6-4E11-9E0C-8E02ABC48B30}.Release|Windows Phone (Universal).Build.0 = Release|Any CPU
		{8A606442-EDF6-4E11-9E0C-8E02ABC48B30}.Release|Windows Phone 8.ActiveCfg = Release|Any CPU
		{8A606442-EDF6-4E11-9E0C-8E02ABC48B30}.Release|Windows Phone 8.Build.0 = Release|Any CPU
		{8A606442-EDF6-4E11-9E0C-8E02ABC48B30}.Release|Windows-AnyCPU.ActiveCfg = Release|Any CPU
		{8A606442-EDF6-4E11-9E0C-8E02ABC48B30}.Release|Windows-AnyCPU.Build.0 = Release|Any CPU
		{8A606442-EDF6-4E11-9E0C-8E02ABC48B30}.Release|Windows-ARM.ActiveCfg = Release|Any CPU
		{8A606442-EDF6-4E11-9E0C-8E02ABC48B30}.Release|Windows-ARM.Build.0 = Release|Any CPU
		{8A606442-EDF6-4E11-9E0C-8E02ABC48B30}.Release|Windows-x64.ActiveCfg = Release|Any CPU
		{8A606442-EDF6-4E11-9E0C-8E02ABC48B30}.Release|Windows-x64.Build.0 = Release|Any CPU
		{8A606442-EDF6-4E11-9E0C-8E02ABC48B30}.Release|Windows-x86.ActiveCfg = Release|Any CPU
		{8A606442-EDF6-4E11-9E0C-8E02ABC48B30}.Release|Windows-x86.Build.0 = Release|Any CPU
		{8A606442-EDF6-4E11-9E0C-8E02ABC48B30}.Release|x64.ActiveCfg = Release|Any CPU
		{8A606442-EDF6-4E11-9E0C-8E02ABC48B30}.Release|x64.Build.0 = Release|Any CPU
		{8A606442-EDF6-4E11-9E0C-8E02ABC48B30}.Release|x86.ActiveCfg = Release|Any CPU
		{8A606442-EDF6-4E11-9E0C-8E02ABC48B30}.Release|x86.Build.0 = Release|Any CPU
		{67C9D997-7AE9-4B13-B657-9095971EECE7}.Debug|Android.ActiveCfg = Debug|Android
		{67C9D997-7AE9-4B13-B657-9095971EECE7}.Debug|Android.Build.0 = Debug|Android
		{67C9D997-7AE9-4B13-B657-9095971EECE7}.Debug|Android.Deploy.0 = Debug|Android
		{67C9D997-7AE9-4B13-B657-9095971EECE7}.Debug|Any CPU.ActiveCfg = Debug|Android
		{67C9D997-7AE9-4B13-B657-9095971EECE7}.Debug|ARM.ActiveCfg = Debug|Windows-ARM
		{67C9D997-7AE9-4B13-B657-9095971EECE7}.Debug|iOS.ActiveCfg = Debug|iOS
		{67C9D997-7AE9-4B13-B657-9095971EECE7}.Debug|iOS.Build.0 = Debug|iOS
		{67C9D997-7AE9-4B13-B657-9095971EECE7}.Debug|iOS.Deploy.0 = Debug|iOS
		{67C9D997-7AE9-4B13-B657-9095971EECE7}.Debug|Windows Phone (Universal).ActiveCfg = Debug|Windows Phone (Universal)
		{67C9D997-7AE9-4B13-B657-9095971EECE7}.Debug|Windows Phone (Universal).Build.0 = Debug|Windows Phone (Universal)
		{67C9D997-7AE9-4B13-B657-9095971EECE7}.Debug|Windows Phone (Universal).Deploy.0 = Debug|Windows Phone (Universal)
		{67C9D997-7AE9-4B13-B657-9095971EECE7}.Debug|Windows Phone 8.ActiveCfg = Debug|Windows Phone 8
		{67C9D997-7AE9-4B13-B657-9095971EECE7}.Debug|Windows Phone 8.Build.0 = Debug|Windows Phone 8
		{67C9D997-7AE9-4B13-B657-9095971EECE7}.Debug|Windows Phone 8.Deploy.0 = Debug|Windows Phone 8
		{67C9D997-7AE9-4B13-B657-9095971EECE7}.Debug|Windows-AnyCPU.ActiveCfg = Debug|Windows-AnyCPU
		{67C9D997-7AE9-4B13-B657-9095971EECE7}.Debug|Windows-AnyCPU.Build.0 = Debug|Windows-AnyCPU
		{67C9D997-7AE9-4B13-B657-9095971EECE7}.Debug|Windows-AnyCPU.Deploy.0 = Debug|Windows-AnyCPU
		{67C9D997-7AE9-4B13-B657-9095971EECE7}.Debug|Windows-ARM.ActiveCfg = Debug|Windows-ARM
		{67C9D997-7AE9-4B13-B657-9095971EECE7}.Debug|Windows-ARM.Build.0 = Debug|Windows-ARM
		{67C9D997-7AE9-4B13-B657-9095971EECE7}.Debug|Windows-ARM.Deploy.0 = Debug|Windows-ARM
		{67C9D997-7AE9-4B13-B657-9095971EECE7}.Debug|Windows-x64.ActiveCfg = Debug|Windows-x64
		{67C9D997-7AE9-4B13-B657-9095971EECE7}.Debug|Windows-x64.Build.0 = Debug|Windows-x64
		{67C9D997-7AE9-4B13-B657-9095971EECE7}.Debug|Windows-x64.Deploy.0 = Debug|Windows-x64
		{67C9D997-7AE9-4B13-B657-9095971EECE7}.Debug|Windows-x86.ActiveCfg = Debug|Windows-x86
		{67C9D997-7AE9-4B13-B657-9095971EECE7}.Debug|Windows-x86.Build.0 = Debug|Windows-x86
		{67C9D997-7AE9-4B13-B657-9095971EECE7}.Debug|Windows-x86.Deploy.0 = Debug|Windows-x86
		{67C9D997-7AE9-4B13-B657-9095971EECE7}.Debug|x64.ActiveCfg = Debug|Windows-x64
		{67C9D997-7AE9-4B13-B657-9095971EECE7}.Debug|x86.ActiveCfg = Debug|Windows-x86
		{67C9D997-7AE9-4B13-B657-9095971EECE7}.Release|Android.ActiveCfg = Release|Android
		{67C9D997-7AE9-4B13-B657-9095971EECE7}.Release|Android.Build.0 = Release|Android
		{67C9D997-7AE9-4B13-B657-9095971EECE7}.Release|Android.Deploy.0 = Release|Android
		{67C9D997-7AE9-4B13-B657-9095971EECE7}.Release|Any CPU.ActiveCfg = Release|Android
		{67C9D997-7AE9-4B13-B657-9095971EECE7}.Release|ARM.ActiveCfg = Release|Windows-ARM
		{67C9D997-7AE9-4B13-B657-9095971EECE7}.Release|iOS.ActiveCfg = Release|iOS
		{67C9D997-7AE9-4B13-B657-9095971EECE7}.Release|iOS.Build.0 = Release|iOS
		{67C9D997-7AE9-4B13-B657-9095971EECE7}.Release|iOS.Deploy.0 = Release|iOS
		{67C9D997-7AE9-4B13-B657-9095971EECE7}.Release|Windows Phone (Universal).ActiveCfg = Release|Windows Phone (Universal)
		{67C9D997-7AE9-4B13-B657-9095971EECE7}.Release|Windows Phone (Universal).Build.0 = Release|Windows Phone (Universal)
		{67C9D997-7AE9-4B13-B657-9095971EECE7}.Release|Windows Phone (Universal).Deploy.0 = Release|Windows Phone (Universal)
		{67C9D997-7AE9-4B13-B657-9095971EECE7}.Release|Windows Phone 8.ActiveCfg = Release|Windows Phone 8
		{67C9D997-7AE9-4B13-B657-9095971EECE7}.Release|Windows Phone 8.Build.0 = Release|Windows Phone 8
		{67C9D997-7AE9-4B13-B657-9095971EECE7}.Release|Windows Phone 8.Deploy.0 = Release|Windows Phone 8
		{67C9D997-7AE9-4B13-B657-9095971EECE7}.Release|Windows-AnyCPU.ActiveCfg = Release|Windows-AnyCPU
		{67C9D997-7AE9-4B13-B657-9095971EECE7}.Release|Windows-AnyCPU.Build.0 = Release|Windows-AnyCPU
		{67C9D997-7AE9-4B13-B657-9095971EECE7}.Release|Windows-AnyCPU.Deploy.0 = Release|Windows-AnyCPU
		{67C9D997-7AE9-4B13-B657-9095971EECE7}.Release|Windows-ARM.ActiveCfg = Release|Windows-ARM
		{67C9D997-7AE9-4B13-B657-9095971EECE7}.Release|Windows-ARM.Build.0 = Release|Windows-ARM
		{67C9D997-7AE9-4B13-B657-9095971EECE7}.Release|Windows-ARM.Deploy.0 = Release|Windows-ARM
		{67C9D997-7AE9-4B13-B657-9095971EECE7}.Release|Windows-x64.ActiveCfg = Release|Windows-x64
		{67C9D997-7AE9-4B13-B657-9095971EECE7}.Release|Windows-x64.Build.0 = Release|Windows-x64
		{67C9D997-7AE9-4B13-B657-9095971EECE7}.Release|Windows-x64.Deploy.0 = Release|Windows-x64
		{67C9D997-7AE9-4B13-B657-9095971EECE7}.Release|Windows-x86.ActiveCfg = Release|Windows-x86
		{67C9D997-7AE9-4B13-B657-9095971EECE7}.Release|Windows-x86.Build.0 = Release|Windows-x86
		{67C9D997-7AE9-4B13-B657-9095971EECE7}.Release|Windows-x86.Deploy.0 = Release|Windows-x86
		{67C9D997-7AE9-4B13-B657-9095971EECE7}.Release|x64.ActiveCfg = Release|Windows-x64
		{67C9D997-7AE9-4B13-B657-9095971EECE7}.Release|x86.ActiveCfg = Release|Windows-x86
		{1A735674-A8B5-42A7-8171-31CCD6901F59}.Debug|Android.ActiveCfg = Debug|Any CPU
		{1A735674-A8B5-42A7-8171-31CCD6901F59}.Debug|Android.Build.0 = Debug|Any CPU
		{1A735674-A8B5-42A7-8171-31CCD6901F59}.Debug|Android.Deploy.0 = Debug|Any CPU
		{1A735674-A8B5-42A7-8171-31CCD6901F59}.Debug|Any CPU.ActiveCfg = Debug|Any CPU
		{1A735674-A8B5-42A7-8171-31CCD6901F59}.Debug|Any CPU.Build.0 = Debug|Any CPU
		{1A735674-A8B5-42A7-8171-31CCD6901F59}.Debug|Any CPU.Deploy.0 = Debug|Any CPU
		{1A735674-A8B5-42A7-8171-31CCD6901F59}.Debug|ARM.ActiveCfg = Debug|ARM
		{1A735674-A8B5-42A7-8171-31CCD6901F59}.Debug|ARM.Build.0 = Debug|ARM
		{1A735674-A8B5-42A7-8171-31CCD6901F59}.Debug|ARM.Deploy.0 = Debug|ARM
		{1A735674-A8B5-42A7-8171-31CCD6901F59}.Debug|iOS.ActiveCfg = Debug|Any CPU
		{1A735674-A8B5-42A7-8171-31CCD6901F59}.Debug|iOS.Build.0 = Debug|Any CPU
		{1A735674-A8B5-42A7-8171-31CCD6901F59}.Debug|iOS.Deploy.0 = Debug|Any CPU
		{1A735674-A8B5-42A7-8171-31CCD6901F59}.Debug|Windows Phone (Universal).ActiveCfg = Debug|Any CPU
		{1A735674-A8B5-42A7-8171-31CCD6901F59}.Debug|Windows Phone (Universal).Build.0 = Debug|Any CPU
		{1A735674-A8B5-42A7-8171-31CCD6901F59}.Debug|Windows Phone (Universal).Deploy.0 = Debug|Any CPU
		{1A735674-A8B5-42A7-8171-31CCD6901F59}.Debug|Windows Phone 8.ActiveCfg = Debug|Any CPU
		{1A735674-A8B5-42A7-8171-31CCD6901F59}.Debug|Windows Phone 8.Build.0 = Debug|Any CPU
		{1A735674-A8B5-42A7-8171-31CCD6901F59}.Debug|Windows Phone 8.Deploy.0 = Debug|Any CPU
		{1A735674-A8B5-42A7-8171-31CCD6901F59}.Debug|Windows-AnyCPU.ActiveCfg = Debug|Any CPU
		{1A735674-A8B5-42A7-8171-31CCD6901F59}.Debug|Windows-AnyCPU.Build.0 = Debug|Any CPU
		{1A735674-A8B5-42A7-8171-31CCD6901F59}.Debug|Windows-AnyCPU.Deploy.0 = Debug|Any CPU
		{1A735674-A8B5-42A7-8171-31CCD6901F59}.Debug|Windows-ARM.ActiveCfg = Debug|Any CPU
		{1A735674-A8B5-42A7-8171-31CCD6901F59}.Debug|Windows-ARM.Build.0 = Debug|Any CPU
		{1A735674-A8B5-42A7-8171-31CCD6901F59}.Debug|Windows-ARM.Deploy.0 = Debug|Any CPU
		{1A735674-A8B5-42A7-8171-31CCD6901F59}.Debug|Windows-x64.ActiveCfg = Debug|Any CPU
		{1A735674-A8B5-42A7-8171-31CCD6901F59}.Debug|Windows-x64.Build.0 = Debug|Any CPU
		{1A735674-A8B5-42A7-8171-31CCD6901F59}.Debug|Windows-x64.Deploy.0 = Debug|Any CPU
		{1A735674-A8B5-42A7-8171-31CCD6901F59}.Debug|Windows-x86.ActiveCfg = Debug|Any CPU
		{1A735674-A8B5-42A7-8171-31CCD6901F59}.Debug|Windows-x86.Build.0 = Debug|Any CPU
		{1A735674-A8B5-42A7-8171-31CCD6901F59}.Debug|Windows-x86.Deploy.0 = Debug|Any CPU
		{1A735674-A8B5-42A7-8171-31CCD6901F59}.Debug|x64.ActiveCfg = Debug|Any CPU
		{1A735674-A8B5-42A7-8171-31CCD6901F59}.Debug|x64.Build.0 = Debug|Any CPU
		{1A735674-A8B5-42A7-8171-31CCD6901F59}.Debug|x64.Deploy.0 = Debug|Any CPU
		{1A735674-A8B5-42A7-8171-31CCD6901F59}.Debug|x86.ActiveCfg = Debug|x86
		{1A735674-A8B5-42A7-8171-31CCD6901F59}.Debug|x86.Build.0 = Debug|x86
		{1A735674-A8B5-42A7-8171-31CCD6901F59}.Debug|x86.Deploy.0 = Debug|x86
		{1A735674-A8B5-42A7-8171-31CCD6901F59}.Release|Android.ActiveCfg = Release|Any CPU
		{1A735674-A8B5-42A7-8171-31CCD6901F59}.Release|Android.Build.0 = Release|Any CPU
		{1A735674-A8B5-42A7-8171-31CCD6901F59}.Release|Android.Deploy.0 = Release|Any CPU
		{1A735674-A8B5-42A7-8171-31CCD6901F59}.Release|Any CPU.ActiveCfg = Release|Any CPU
		{1A735674-A8B5-42A7-8171-31CCD6901F59}.Release|Any CPU.Build.0 = Release|Any CPU
		{1A735674-A8B5-42A7-8171-31CCD6901F59}.Release|Any CPU.Deploy.0 = Release|Any CPU
		{1A735674-A8B5-42A7-8171-31CCD6901F59}.Release|ARM.ActiveCfg = Release|ARM
		{1A735674-A8B5-42A7-8171-31CCD6901F59}.Release|ARM.Build.0 = Release|ARM
		{1A735674-A8B5-42A7-8171-31CCD6901F59}.Release|ARM.Deploy.0 = Release|ARM
		{1A735674-A8B5-42A7-8171-31CCD6901F59}.Release|iOS.ActiveCfg = Release|Any CPU
		{1A735674-A8B5-42A7-8171-31CCD6901F59}.Release|iOS.Build.0 = Release|Any CPU
		{1A735674-A8B5-42A7-8171-31CCD6901F59}.Release|iOS.Deploy.0 = Release|Any CPU
		{1A735674-A8B5-42A7-8171-31CCD6901F59}.Release|Windows Phone (Universal).ActiveCfg = Release|Any CPU
		{1A735674-A8B5-42A7-8171-31CCD6901F59}.Release|Windows Phone (Universal).Build.0 = Release|Any CPU
		{1A735674-A8B5-42A7-8171-31CCD6901F59}.Release|Windows Phone (Universal).Deploy.0 = Release|Any CPU
		{1A735674-A8B5-42A7-8171-31CCD6901F59}.Release|Windows Phone 8.ActiveCfg = Release|Any CPU
		{1A735674-A8B5-42A7-8171-31CCD6901F59}.Release|Windows Phone 8.Build.0 = Release|Any CPU
		{1A735674-A8B5-42A7-8171-31CCD6901F59}.Release|Windows Phone 8.Deploy.0 = Release|Any CPU
		{1A735674-A8B5-42A7-8171-31CCD6901F59}.Release|Windows-AnyCPU.ActiveCfg = Release|Any CPU
		{1A735674-A8B5-42A7-8171-31CCD6901F59}.Release|Windows-AnyCPU.Build.0 = Release|Any CPU
		{1A735674-A8B5-42A7-8171-31CCD6901F59}.Release|Windows-AnyCPU.Deploy.0 = Release|Any CPU
		{1A735674-A8B5-42A7-8171-31CCD6901F59}.Release|Windows-ARM.ActiveCfg = Release|Any CPU
		{1A735674-A8B5-42A7-8171-31CCD6901F59}.Release|Windows-ARM.Build.0 = Release|Any CPU
		{1A735674-A8B5-42A7-8171-31CCD6901F59}.Release|Windows-ARM.Deploy.0 = Release|Any CPU
		{1A735674-A8B5-42A7-8171-31CCD6901F59}.Release|Windows-x64.ActiveCfg = Release|Any CPU
		{1A735674-A8B5-42A7-8171-31CCD6901F59}.Release|Windows-x64.Build.0 = Release|Any CPU
		{1A735674-A8B5-42A7-8171-31CCD6901F59}.Release|Windows-x64.Deploy.0 = Release|Any CPU
		{1A735674-A8B5-42A7-8171-31CCD6901F59}.Release|Windows-x86.ActiveCfg = Release|Any CPU
		{1A735674-A8B5-42A7-8171-31CCD6901F59}.Release|Windows-x86.Build.0 = Release|Any CPU
		{1A735674-A8B5-42A7-8171-31CCD6901F59}.Release|Windows-x86.Deploy.0 = Release|Any CPU
		{1A735674-A8B5-42A7-8171-31CCD6901F59}.Release|x64.ActiveCfg = Release|Any CPU
		{1A735674-A8B5-42A7-8171-31CCD6901F59}.Release|x64.Build.0 = Release|Any CPU
		{1A735674-A8B5-42A7-8171-31CCD6901F59}.Release|x64.Deploy.0 = Release|Any CPU
		{1A735674-A8B5-42A7-8171-31CCD6901F59}.Release|x86.ActiveCfg = Release|x86
		{1A735674-A8B5-42A7-8171-31CCD6901F59}.Release|x86.Build.0 = Release|x86
		{1A735674-A8B5-42A7-8171-31CCD6901F59}.Release|x86.Deploy.0 = Release|x86
	EndGlobalSection
	GlobalSection(SolutionProperties) = preSolution
		HideSolutionNode = FALSE
	EndGlobalSection
EndGlobal
